// !$*UTF8*$!
{
	archiveVersion = 1;
	classes = {
	};
	objectVersion = 50;
	objects = {

/* Begin PBXBuildFile section */
		1409FE2E243713480028D859 /* AppDelegate.swift in Sources */ = {isa = PBXBuildFile; fileRef = 1409FE2D243713480028D859 /* AppDelegate.swift */; };
		1409FE30243713480028D859 /* SceneDelegate.swift in Sources */ = {isa = PBXBuildFile; fileRef = 1409FE2F243713480028D859 /* SceneDelegate.swift */; };
		1409FE32243713480028D859 /* ViewController.swift in Sources */ = {isa = PBXBuildFile; fileRef = 1409FE31243713480028D859 /* ViewController.swift */; };
		1409FE35243713480028D859 /* Main.storyboard in Resources */ = {isa = PBXBuildFile; fileRef = 1409FE33243713480028D859 /* Main.storyboard */; };
		1409FE372437134D0028D859 /* Assets.xcassets in Resources */ = {isa = PBXBuildFile; fileRef = 1409FE362437134D0028D859 /* Assets.xcassets */; };
		1409FE3A2437134D0028D859 /* LaunchScreen.storyboard in Resources */ = {isa = PBXBuildFile; fileRef = 1409FE382437134D0028D859 /* LaunchScreen.storyboard */; };
		1409FE422437141F0028D859 /* MyCollectionViewController.swift in Sources */ = {isa = PBXBuildFile; fileRef = 1409FE412437141F0028D859 /* MyCollectionViewController.swift */; };
		1409FE442437146C0028D859 /* MyCollectionViewCell.swift in Sources */ = {isa = PBXBuildFile; fileRef = 1409FE432437146C0028D859 /* MyCollectionViewCell.swift */; };
/* End PBXBuildFile section */

/* Begin PBXFileReference section */
		1409FE2A243713480028D859 /* ultimate-collection-view-ios.app */ = {isa = PBXFileReference; explicitFileType = wrapper.application; includeInIndex = 0; path = "ultimate-collection-view-ios.app"; sourceTree = BUILT_PRODUCTS_DIR; };
		1409FE2D243713480028D859 /* AppDelegate.swift */ = {isa = PBXFileReference; lastKnownFileType = sourcecode.swift; path = AppDelegate.swift; sourceTree = "<group>"; };
		1409FE2F243713480028D859 /* SceneDelegate.swift */ = {isa = PBXFileReference; lastKnownFileType = sourcecode.swift; path = SceneDelegate.swift; sourceTree = "<group>"; };
		1409FE31243713480028D859 /* ViewController.swift */ = {isa = PBXFileReference; lastKnownFileType = sourcecode.swift; path = ViewController.swift; sourceTree = "<group>"; };
		1409FE34243713480028D859 /* Base */ = {isa = PBXFileReference; lastKnownFileType = file.storyboard; name = Base; path = Base.lproj/Main.storyboard; sourceTree = "<group>"; };
		1409FE362437134D0028D859 /* Assets.xcassets */ = {isa = PBXFileReference; lastKnownFileType = folder.assetcatalog; path = Assets.xcassets; sourceTree = "<group>"; };
		1409FE392437134D0028D859 /* Base */ = {isa = PBXFileReference; lastKnownFileType = file.storyboard; name = Base; path = Base.lproj/LaunchScreen.storyboard; sourceTree = "<group>"; };
		1409FE3B2437134D0028D859 /* Info.plist */ = {isa = PBXFileReference; lastKnownFileType = text.plist.xml; path = Info.plist; sourceTree = "<group>"; };
		1409FE412437141F0028D859 /* MyCollectionViewController.swift */ = {isa = PBXFileReference; fileEncoding = 4; lastKnownFileType = sourcecode.swift; path = MyCollectionViewController.swift; sourceTree = "<group>"; };
		1409FE432437146C0028D859 /* MyCollectionViewCell.swift */ = {isa = PBXFileReference; lastKnownFileType = sourcecode.swift; path = MyCollectionViewCell.swift; sourceTree = "<group>"; };
/* End PBXFileReference section */

/* Begin PBXFrameworksBuildPhase section */
		1409FE27243713480028D859 /* Frameworks */ = {
			isa = PBXFrameworksBuildPhase;
			buildActionMask = 2147483647;
			files = (
			);
			runOnlyForDeploymentPostprocessing = 0;
		};
/* End PBXFrameworksBuildPhase section */

/* Begin PBXGroup section */
		1409FE21243713480028D859 = {
			isa = PBXGroup;
			children = (
				1409FE2C243713480028D859 /* ultimate-collection-view-ios */,
				1409FE2B243713480028D859 /* Products */,
			);
			sourceTree = "<group>";
		};
		1409FE2B243713480028D859 /* Products */ = {
			isa = PBXGroup;
			children = (
				1409FE2A243713480028D859 /* ultimate-collection-view-ios.app */,
			);
			name = Products;
			sourceTree = "<group>";
		};
		1409FE2C243713480028D859 /* ultimate-collection-view-ios */ = {
			isa = PBXGroup;
			children = (
				1409FE452437174B0028D859 /* MyCollectionView */,
				1409FE2D243713480028D859 /* AppDelegate.swift */,
				1409FE2F243713480028D859 /* SceneDelegate.swift */,
				1409FE31243713480028D859 /* ViewController.swift */,
				1409FE33243713480028D859 /* Main.storyboard */,
				1409FE362437134D0028D859 /* Assets.xcassets */,
				1409FE382437134D0028D859 /* LaunchScreen.storyboard */,
				1409FE3B2437134D0028D859 /* Info.plist */,
			);
			path = "ultimate-collection-view-ios";
			sourceTree = "<group>";
		};
		1409FE452437174B0028D859 /* MyCollectionView */ = {
			isa = PBXGroup;
			children = (
				1409FE432437146C0028D859 /* MyCollectionViewCell.swift */,
				1409FE412437141F0028D859 /* MyCollectionViewController.swift */,
			);
			path = MyCollectionView;
			sourceTree = "<group>";
		};
/* End PBXGroup section */

/* Begin PBXNativeTarget section */
		1409FE29243713480028D859 /* ultimate-collection-view-ios */ = {
			isa = PBXNativeTarget;
			buildConfigurationList = 1409FE3E2437134D0028D859 /* Build configuration list for PBXNativeTarget "ultimate-collection-view-ios" */;
			buildPhases = (
				1409FE26243713480028D859 /* Sources */,
				1409FE27243713480028D859 /* Frameworks */,
				1409FE28243713480028D859 /* Resources */,
			);
			buildRules = (
			);
			dependencies = (
			);
			name = "ultimate-collection-view-ios";
			productName = "ultimate-collection-view-ios";
			productReference = 1409FE2A243713480028D859 /* ultimate-collection-view-ios.app */;
			productType = "com.apple.product-type.application";
		};
/* End PBXNativeTarget section */

/* Begin PBXProject section */
		1409FE22243713480028D859 /* Project object */ = {
			isa = PBXProject;
			attributes = {
				LastSwiftUpdateCheck = 1140;
				LastUpgradeCheck = 1140;
				ORGANIZATIONNAME = "Boris Dipner";
				TargetAttributes = {
					1409FE29243713480028D859 = {
						CreatedOnToolsVersion = 11.4;
					};
				};
			};
			buildConfigurationList = 1409FE25243713480028D859 /* Build configuration list for PBXProject "ultimate-collection-view-ios" */;
			compatibilityVersion = "Xcode 9.3";
			developmentRegion = en;
			hasScannedForEncodings = 0;
			knownRegions = (
				en,
				Base,
			);
			mainGroup = 1409FE21243713480028D859;
			productRefGroup = 1409FE2B243713480028D859 /* Products */;
			projectDirPath = "";
			projectRoot = "";
			targets = (
				1409FE29243713480028D859 /* ultimate-collection-view-ios */,
			);
		};
/* End PBXProject section */

/* Begin PBXResourcesBuildPhase section */
		1409FE28243713480028D859 /* Resources */ = {
			isa = PBXResourcesBuildPhase;
			buildActionMask = 2147483647;
			files = (
				1409FE3A2437134D0028D859 /* LaunchScreen.storyboard in Resources */,
				1409FE372437134D0028D859 /* Assets.xcassets in Resources */,
				1409FE35243713480028D859 /* Main.storyboard in Resources */,
			);
			runOnlyForDeploymentPostprocessing = 0;
		};
/* End PBXResourcesBuildPhase section */

/* Begin PBXSourcesBuildPhase section */
		1409FE26243713480028D859 /* Sources */ = {
			isa = PBXSourcesBuildPhase;
			buildActionMask = 2147483647;
			files = (
				1409FE422437141F0028D859 /* MyCollectionViewController.swift in Sources */,
				1409FE442437146C0028D859 /* MyCollectionViewCell.swift in Sources */,
				1409FE32243713480028D859 /* ViewController.swift in Sources */,
				1409FE2E243713480028D859 /* AppDelegate.swift in Sources */,
				1409FE30243713480028D859 /* SceneDelegate.swift in Sources */,
			);
			runOnlyForDeploymentPostprocessing = 0;
		};
/* End PBXSourcesBuildPhase section */

/* Begin PBXVariantGroup section */
		1409FE33243713480028D859 /* Main.storyboard */ = {
			isa = PBXVariantGroup;
			children = (
				1409FE34243713480028D859 /* Base */,
			);
			name = Main.storyboard;
			sourceTree = "<group>";
		};
		1409FE382437134D0028D859 /* LaunchScreen.storyboard */ = {
			isa = PBXVariantGroup;
			children = (
				1409FE392437134D0028D859 /* Base */,
			);
			name = LaunchScreen.storyboard;
			sourceTree = "<group>";
		};
/* End PBXVariantGroup section */

/* Begin XCBuildConfiguration section */
		1409FE3C2437134D0028D859 /* Debug */ = {
			isa = XCBuildConfiguration;
			buildSettings = {
				ALWAYS_SEARCH_USER_PATHS = NO;
				CLANG_ANALYZER_NONNULL = YES;
				CLANG_ANALYZER_NUMBER_OBJECT_CONVERSION = YES_AGGRESSIVE;
				CLANG_CXX_LANGUAGE_STANDARD = "gnu++14";
				CLANG_CXX_LIBRARY = "libc++";
				CLANG_ENABLE_MODULES = YES;
				CLANG_ENABLE_OBJC_ARC = YES;
				CLANG_ENABLE_OBJC_WEAK = YES;
				CLANG_WARN_BLOCK_CAPTURE_AUTORELEASING = YES;
				CLANG_WARN_BOOL_CONVERSION = YES;
				CLANG_WARN_COMMA = YES;
				CLANG_WARN_CONSTANT_CONVERSION = YES;
				CLANG_WARN_DEPRECATED_OBJC_IMPLEMENTATIONS = YES;
				CLANG_WARN_DIRECT_OBJC_ISA_USAGE = YES_ERROR;
				CLANG_WARN_DOCUMENTATION_COMMENTS = YES;
				CLANG_WARN_EMPTY_BODY = YES;
				CLANG_WARN_ENUM_CONVERSION = YES;
				CLANG_WARN_INFINITE_RECURSION = YES;
				CLANG_WARN_INT_CONVERSION = YES;
				CLANG_WARN_NON_LITERAL_NULL_CONVERSION = YES;
				CLANG_WARN_OBJC_IMPLICIT_RETAIN_SELF = YES;
				CLANG_WARN_OBJC_LITERAL_CONVERSION = YES;
				CLANG_WARN_OBJC_ROOT_CLASS = YES_ERROR;
				CLANG_WARN_RANGE_LOOP_ANALYSIS = YES;
				CLANG_WARN_STRICT_PROTOTYPES = YES;
				CLANG_WARN_SUSPICIOUS_MOVE = YES;
				CLANG_WARN_UNGUARDED_AVAILABILITY = YES_AGGRESSIVE;
				CLANG_WARN_UNREACHABLE_CODE = YES;
				CLANG_WARN__DUPLICATE_METHOD_MATCH = YES;
				COPY_PHASE_STRIP = NO;
				DEBUG_INFORMATION_FORMAT = dwarf;
				ENABLE_STRICT_OBJC_MSGSEND = YES;
				ENABLE_TESTABILITY = YES;
				GCC_C_LANGUAGE_STANDARD = gnu11;
				GCC_DYNAMIC_NO_PIC = NO;
				GCC_NO_COMMON_BLOCKS = YES;
				GCC_OPTIMIZATION_LEVEL = 0;
				GCC_PREPROCESSOR_DEFINITIONS = (
					"DEBUG=1",
					"$(inherited)",
				);
				GCC_WARN_64_TO_32_BIT_CONVERSION = YES;
				GCC_WARN_ABOUT_RETURN_TYPE = YES_ERROR;
				GCC_WARN_UNDECLARED_SELECTOR = YES;
				GCC_WARN_UNINITIALIZED_AUTOS = YES_AGGRESSIVE;
				GCC_WARN_UNUSED_FUNCTION = YES;
				GCC_WARN_UNUSED_VARIABLE = YES;
				IPHONEOS_DEPLOYMENT_TARGET = 13.4;
				MTL_ENABLE_DEBUG_INFO = INCLUDE_SOURCE;
				MTL_FAST_MATH = YES;
				ONLY_ACTIVE_ARCH = YES;
				SDKROOT = iphoneos;
				SWIFT_ACTIVE_COMPILATION_CONDITIONS = DEBUG;
				SWIFT_OPTIMIZATION_LEVEL = "-Onone";
			};
			name = Debug;
		};
		1409FE3D2437134D0028D859 /* Release */ = {
			isa = XCBuildConfiguration;
			buildSettings = {
				ALWAYS_SEARCH_USER_PATHS = NO;
				CLANG_ANALYZER_NONNULL = YES;
				CLANG_ANALYZER_NUMBER_OBJECT_CONVERSION = YES_AGGRESSIVE;
				CLANG_CXX_LANGUAGE_STANDARD = "gnu++14";
				CLANG_CXX_LIBRARY = "libc++";
				CLANG_ENABLE_MODULES = YES;
				CLANG_ENABLE_OBJC_ARC = YES;
				CLANG_ENABLE_OBJC_WEAK = YES;
				CLANG_WARN_BLOCK_CAPTURE_AUTORELEASING = YES;
				CLANG_WARN_BOOL_CONVERSION = YES;
				CLANG_WARN_COMMA = YES;
				CLANG_WARN_CONSTANT_CONVERSION = YES;
				CLANG_WARN_DEPRECATED_OBJC_IMPLEMENTATIONS = YES;
				CLANG_WARN_DIRECT_OBJC_ISA_USAGE = YES_ERROR;
				CLANG_WARN_DOCUMENTATION_COMMENTS = YES;
				CLANG_WARN_EMPTY_BODY = YES;
				CLANG_WARN_ENUM_CONVERSION = YES;
				CLANG_WARN_INFINITE_RECURSION = YES;
				CLANG_WARN_INT_CONVERSION = YES;
				CLANG_WARN_NON_LITERAL_NULL_CONVERSION = YES;
				CLANG_WARN_OBJC_IMPLICIT_RETAIN_SELF = YES;
				CLANG_WARN_OBJC_LITERAL_CONVERSION = YES;
				CLANG_WARN_OBJC_ROOT_CLASS = YES_ERROR;
				CLANG_WARN_RANGE_LOOP_ANALYSIS = YES;
				CLANG_WARN_STRICT_PROTOTYPES = YES;
				CLANG_WARN_SUSPICIOUS_MOVE = YES;
				CLANG_WARN_UNGUARDED_AVAILABILITY = YES_AGGRESSIVE;
				CLANG_WARN_UNREACHABLE_CODE = YES;
				CLANG_WARN__DUPLICATE_METHOD_MATCH = YES;
				COPY_PHASE_STRIP = NO;
				DEBUG_INFORMATION_FORMAT = "dwarf-with-dsym";
				ENABLE_NS_ASSERTIONS = NO;
				ENABLE_STRICT_OBJC_MSGSEND = YES;
				GCC_C_LANGUAGE_STANDARD = gnu11;
				GCC_NO_COMMON_BLOCKS = YES;
				GCC_WARN_64_TO_32_BIT_CONVERSION = YES;
				GCC_WARN_ABOUT_RETURN_TYPE = YES_ERROR;
				GCC_WARN_UNDECLARED_SELECTOR = YES;
				GCC_WARN_UNINITIALIZED_AUTOS = YES_AGGRESSIVE;
				GCC_WARN_UNUSED_FUNCTION = YES;
				GCC_WARN_UNUSED_VARIABLE = YES;
				IPHONEOS_DEPLOYMENT_TARGET = 13.4;
				MTL_ENABLE_DEBUG_INFO = NO;
				MTL_FAST_MATH = YES;
				SDKROOT = iphoneos;
				SWIFT_COMPILATION_MODE = wholemodule;
				SWIFT_OPTIMIZATION_LEVEL = "-O";
				VALIDATE_PRODUCT = YES;
			};
			name = Release;
		};
		1409FE3F2437134D0028D859 /* Debug */ = {
			isa = XCBuildConfiguration;
			buildSettings = {
				ASSETCATALOG_COMPILER_APPICON_NAME = AppIcon;
				CODE_SIGN_STYLE = Automatic;
				INFOPLIST_FILE = "ultimate-collection-view-ios/Info.plist";
				LD_RUNPATH_SEARCH_PATHS = (
					"$(inherited)",
					"@executable_path/Frameworks",
				);
				PRODUCT_BUNDLE_IDENTIFIER = "com.borisdipner.ultimate-collection-view-ios";
				PRODUCT_NAME = "$(TARGET_NAME)";
				SWIFT_VERSION = 5.0;
				TARGETED_DEVICE_FAMILY = "1,2";
			};
			name = Debug;
		};
		1409FE402437134D0028D859 /* Release */ = {
			isa = XCBuildConfiguration;
			buildSettings = {
				ASSETCATALOG_COMPILER_APPICON_NAME = AppIcon;
				CODE_SIGN_STYLE = Automatic;
				INFOPLIST_FILE = "ultimate-collection-view-ios/Info.plist";
				LD_RUNPATH_SEARCH_PATHS = (
					"$(inherited)",
					"@executable_path/Frameworks",
				);
				PRODUCT_BUNDLE_IDENTIFIER = "com.borisdipner.ultimate-collection-view-ios";
				PRODUCT_NAME = "$(TARGET_NAME)";
				SWIFT_VERSION = 5.0;
				TARGETED_DEVICE_FAMILY = "1,2";
			};
			name = Release;
		};
/* End XCBuildConfiguration section */

/* Begin XCConfigurationList section */
		1409FE25243713480028D859 /* Build configuration list for PBXProject "ultimate-collection-view-ios" */ = {
			isa = XCConfigurationList;
			buildConfigurations = (
				1409FE3C2437134D0028D859 /* Debug */,
				1409FE3D2437134D0028D859 /* Release */,
			);
			defaultConfigurationIsVisible = 0;
			defaultConfigurationName = Release;
		};
		1409FE3E2437134D0028D859 /* Build configuration list for PBXNativeTarget "ultimate-collection-view-ios" */ = {
			isa = XCConfigurationList;
			buildConfigurations = (
				1409FE3F2437134D0028D859 /* Debug */,
				1409FE402437134D0028D859 /* Release */,
			);
			defaultConfigurationIsVisible = 0;
			defaultConfigurationName = Release;
		};
/* End XCConfigurationList section */
	};
	rootObject = 1409FE22243713480028D859 /* Project object */;
}
